# This file is automatically @generated by Cargo.
# It is not intended for manual editing.
[[package]]
name = "hust-network-login"
version = "0.1.1"
dependencies = [
 "minreq",
 "urlencoding",
]

[[package]]
name = "minreq"
version = "2.2.1"
source = "registry+https://github.com/rust-lang/crates.io-index"
checksum = "2466d0a7e6bfcd54f69e4a17d4a4318985aaaf7fe3df4cd3b6f11ff551129ca3"

[[package]]
name = "urlencoding"
version = "1.1.1"
source = "registry+https://github.com/rust-lang/crates.io-index"
checksum = "c9232eb53352b4442e40d7900465dfc534e8cb2dc8f18656fcb2ac16112b5593"
