# This file is automatically @generated by Cargo.
# It is not intended for manual editing.
version = 3

[[package]]
name = "cfg-if"
version = "1.0.0"
source = "registry+https://github.com/rust-lang/crates.io-index"
checksum = "baf1de4339761588bc0619e3cbc0120ee582ebb74b53b4efbf79117bd2da40fd"

[[package]]
name = "hust-network-login"
version = "0.1.1"
dependencies = [
 "minreq",
 "urlencoding",
]

[[package]]
name = "log"
version = "0.4.16"
source = "registry+https://github.com/rust-lang/crates.io-index"
checksum = "6389c490849ff5bc16be905ae24bc913a9c8892e19b2341dbc175e14c341c2b8"
dependencies = [
 "cfg-if",
]

[[package]]
name = "minreq"
version = "2.6.0"
source = "registry+https://github.com/rust-lang/crates.io-index"
checksum = "4c785bc6027fd359756e538541c8624012ba3776d3d3fe123885643092ed4132"
dependencies = [
 "log",
]

[[package]]
name = "urlencoding"
version = "2.1.0"
source = "registry+https://github.com/rust-lang/crates.io-index"
checksum = "68b90931029ab9b034b300b797048cf23723400aa757e8a2bfb9d748102f9821"
